
Microsoft Visual Studio Solution File, Format Version 12.00
# Visual Studio Version 16
VisualStudioVersion = 16.0.30011.22
MinimumVisualStudioVersion = 10.0.40219.1
Project("{FAE04EC0-301F-11D3-BF4B-00C04F79EFBC}") = "LearnAll.Domain", "LearnAll.Domain\LearnAll.Domain.csproj", "{44B0E168-E75E-45F9-923B-4103346660E8}"
EndProject
Global
	GlobalSection(SolutionConfigurationPlatforms) = preSolution
		Debug|Any CPU = Debug|Any CPU
		Release|Any CPU = Release|Any CPU
	EndGlobalSection
	GlobalSection(ProjectConfigurationPlatforms) = postSolution
		{44B0E168-E75E-45F9-923B-4103346660E8}.Debug|Any CPU.ActiveCfg = Debug|Any CPU
		{44B0E168-E75E-45F9-923B-4103346660E8}.Debug|Any CPU.Build.0 = Debug|Any CPU
		{44B0E168-E75E-45F9-923B-4103346660E8}.Release|Any CPU.ActiveCfg = Release|Any CPU
		{44B0E168-E75E-45F9-923B-4103346660E8}.Release|Any CPU.Build.0 = Release|Any CPU
	EndGlobalSection
	GlobalSection(SolutionProperties) = preSolution
		HideSolutionNode = FALSE
	EndGlobalSection
	GlobalSection(ExtensibilityGlobals) = postSolution
		SolutionGuid = {90555956-1133-4066-A407-90F77D80F06E}
	EndGlobalSection
EndGlobal
